{
  "name": "ua_client_hints",
  "lockfileVersion": 2,
  "requires": true,
  "packages": {
    "": {
      "name": "ua_client_hints",
      "devDependencies": {
        "husky": "^9.1.0"
      }
    },
    "node_modules/husky": {
      "version": "9.1.0",
      "resolved": "https://registry.npmjs.org/husky/-/husky-9.1.0.tgz",
      "integrity": "sha512-8XCjbomYTGdNF2h50dio3T3zghmZ9f/ZNzr99YwSkvDdhEjJGs5qzy8tbFx+SG8yCx2wn9nMVfZxVrr/yT8gNQ==",
      "dev": true,
      "bin": {
        "husky": "bin.js"
      },
      "engines": {
        "node": ">=18"
      },
      "funding": {
        "url": "https://github.com/sponsors/typicode"
      }
    }
  },
  "dependencies": {
    "husky": {
      "version": "9.1.0",
      "resolved": "https://registry.npmjs.org/husky/-/husky-9.1.0.tgz",
      "integrity": "sha512-8XCjbomYTGdNF2h50dio3T3zghmZ9f/ZNzr99YwSkvDdhEjJGs5qzy8tbFx+SG8yCx2wn9nMVfZxVrr/yT8gNQ==",
      "dev": true
    }
  }
}
