PODS:
  - Flutter (1.0.0)
  - ua_client_hints (0.0.1):
    - Flutter

DEPENDENCIES:
  - Flutter (from `Flutter`)
  - ua_client_hints (from `.symlinks/plugins/ua_client_hints/ios`)

EXTERNAL SOURCES:
  Flutter:
    :path: Flutter
  ua_client_hints:
    :path: ".symlinks/plugins/ua_client_hints/ios"

SPEC CHECKSUMS:
  Flutter: 0e3d915762c693b495b44d77113d4970485de6ec
  ua_client_hints: 2a475e2bcfd319462932665aa7c08d124634272c

PODFILE CHECKSUM: aafe91acc616949ddb318b77800a7f51bffa2a4c

COCOAPODS: 1.10.0
